
Microsoft Visual Studio Solution File, Format Version 12.00
# Visual Studio Version 17
VisualStudioVersion = 17.5.33530.505
MinimumVisualStudioVersion = 10.0.40219.1
Project("{8BC9CEB8-8B4A-11D0-8D11-00A0C91BC942}") = "まずいぞ", "まずいぞ.vcxproj", "{4D1F179C-7E68-47BC-A33C-6A63DB4D2F11}"
EndProject
Project("{2150E333-8FDC-42A3-9474-1A3956D46DE8}") = "ソリューション項目", "ソリューション項目", "{E2150335-AEDB-4EE3-BC12-F49A13F94826}"
	ProjectSection(SolutionItems) = preProject
		.editorconfig = .editorconfig
	EndProjectSection
EndProject
Global
	GlobalSection(SolutionConfigurationPlatforms) = preSolution
		Debug|x64 = Debug|x64
		Release|x64 = Release|x64
	EndGlobalSection
	GlobalSection(ProjectConfigurationPlatforms) = postSolution
		{4D1F179C-7E68-47BC-A33C-6A63DB4D2F11}.Debug|x64.ActiveCfg = Debug|x64
		{4D1F179C-7E68-47BC-A33C-6A63DB4D2F11}.Debug|x64.Build.0 = Debug|x64
		{4D1F179C-7E68-47BC-A33C-6A63DB4D2F11}.Release|x64.ActiveCfg = Release|x64
		{4D1F179C-7E68-47BC-A33C-6A63DB4D2F11}.Release|x64.Build.0 = Release|x64
	EndGlobalSection
	GlobalSection(SolutionProperties) = preSolution
		HideSolutionNode = FALSE
	EndGlobalSection
	GlobalSection(ExtensibilityGlobals) = postSolution
		SolutionGuid = {A7A74DF6-CBCF-49A9-8029-F64D8D4A69FE}
	EndGlobalSection
EndGlobal
